
Microsoft Visual Studio Solution File, Format Version 12.00
# Visual Studio Version 17
VisualStudioVersion = 17.5.002.0
MinimumVisualStudioVersion = 10.0.40219.1
Project("{9A19103F-16F7-4668-BE54-9A1E7A4F7556}") = "MyScript.InteractiveInk.UIReferenceImplementation.Uwp", "MyScript.InteractiveInk.UIReferenceImplementation.Uwp.csproj", "{BC1EA49C-0AD4-4BCA-9B31-56D4EBC1DEC4}"
EndProject
Global
	GlobalSection(SolutionConfigurationPlatforms) = preSolution
		Debug|Any CPU = Debug|Any CPU
		Release|Any CPU = Release|Any CPU
	EndGlobalSection
	GlobalSection(ProjectConfigurationPlatforms) = postSolution
		{BC1EA49C-0AD4-4BCA-9B31-56D4EBC1DEC4}.Debug|Any CPU.ActiveCfg = Debug|Any CPU
		{BC1EA49C-0AD4-4BCA-9B31-56D4EBC1DEC4}.Debug|Any CPU.Build.0 = Debug|Any CPU
		{BC1EA49C-0AD4-4BCA-9B31-56D4EBC1DEC4}.Release|Any CPU.ActiveCfg = Release|Any CPU
		{BC1EA49C-0AD4-4BCA-9B31-56D4EBC1DEC4}.Release|Any CPU.Build.0 = Release|Any CPU
	EndGlobalSection
	GlobalSection(SolutionProperties) = preSolution
		HideSolutionNode = FALSE
	EndGlobalSection
	GlobalSection(ExtensibilityGlobals) = postSolution
		SolutionGuid = {2DE9E9F0-52DD-4CFE-8A7E-36A1E264EC06}
	EndGlobalSection
EndGlobal
